<?xml version="1.0" encoding="UTF-8" standalone="yes" ?>
<CodeBlocks_project_file>
	<FileVersion major="1" minor="6" />
	<Project>
		<Option title="GoldRush" />
		<Option pch_mode="2" />
		<Option compiler="gcc" />
		<Build>
			<Target title="Debug">
				<Option output="bin/Debug/GoldRush" prefix_auto="1" extension_auto="1" />
				<Option object_output="obj/Debug/" />
				<Option type="1" />
				<Option compiler="gcc" />
				<Compiler>
					<Add option="-g" />
				</Compiler>
			</Target>
			<Target title="Release">
				<Option output="bin/Release/GoldRush" prefix_auto="1" extension_auto="1" />
				<Option object_output="obj/Release/" />
				<Option type="0" />
				<Option compiler="gcc" />
				<Compiler>
					<Add option="-O2" />
				</Compiler>
				<Linker>
					<Add option="-s" />
				</Linker>
			</Target>
		</Build>
		<Compiler>
			<Add option="-Wall" />
			<Add option="`sdl-config --cflags`" />
		</Compiler>
		<Linker>
			<Add option="`sdl-config --libs`" />
			<Add option="-lSDL_image" />
		</Linker>
		<Unit filename="lib/Background.cpp" />
		<Unit filename="lib/Background.h" />
		<Unit filename="lib/Bomb.cpp" />
		<Unit filename="lib/Bomb.h" />
		<Unit filename="lib/Bombgroup.cpp" />
		<Unit filename="lib/Bombgroup.h" />
		<Unit filename="lib/Conveyor.cpp" />
		<Unit filename="lib/Conveyor.h" />
		<Unit filename="lib/Game.cpp" />
		<Unit filename="lib/Game.h" />
		<Unit filename="lib/Grid.cpp" />
		<Unit filename="lib/Grid.h" />
		<Unit filename="lib/Held.cpp" />
		<Unit filename="lib/Held.h" />
		<Unit filename="lib/Level.cpp" />
		<Unit filename="lib/Level.h" />
		<Unit filename="lib/Resource.cpp" />
		<Unit filename="lib/Resource.h" />
		<Unit filename="lib/Subsystem.cpp" />
		<Unit filename="lib/Subsystem.h" />
		<Unit filename="main.cpp" />
		<Unit filename="res/background.bmp" />
		<Unit filename="res/belt1-1.bmp" />
		<Unit filename="res/belt1-2.bmp" />
		<Unit filename="res/belt1-3.bmp" />
		<Unit filename="res/belt1-4.bmp" />
		<Unit filename="res/belt2-1.bmp" />
		<Unit filename="res/belt2-2.bmp" />
		<Unit filename="res/belt2-3.bmp" />
		<Unit filename="res/belt2-4.bmp" />
		<Unit filename="res/bomb1.bmp" />
		<Unit filename="res/bomb2.bmp" />
		<Unit filename="res/bomb3.bmp" />
		<Unit filename="res/bomb4.bmp" />
		<Unit filename="res/grid.bmp" />
		<Unit filename="res/over.bmp" />
		<Extensions>
			<code_completion />
			<debugger />
		</Extensions>
	</Project>
</CodeBlocks_project_file>
